
Microsoft Visual Studio Solution File, Format Version 12.00
# Visual Studio Version 17
VisualStudioVersion = 17.0.32126.317
MinimumVisualStudioVersion = 10.0.40219.1
Project("{FAE04EC0-301F-11D3-BF4B-00C04F79EFBC}") = "adressBook", "adressBook\adressBook.csproj", "{76340123-25F7-45C2-AC77-BB609892E7B8}"
EndProject
Global
	GlobalSection(SolutionConfigurationPlatforms) = preSolution
		Debug|Any CPU = Debug|Any CPU
		Release|Any CPU = Release|Any CPU
	EndGlobalSection
	GlobalSection(ProjectConfigurationPlatforms) = postSolution
		{76340123-25F7-45C2-AC77-BB609892E7B8}.Debug|Any CPU.ActiveCfg = Debug|Any CPU
		{76340123-25F7-45C2-AC77-BB609892E7B8}.Debug|Any CPU.Build.0 = Debug|Any CPU
		{76340123-25F7-45C2-AC77-BB609892E7B8}.Release|Any CPU.ActiveCfg = Release|Any CPU
		{76340123-25F7-45C2-AC77-BB609892E7B8}.Release|Any CPU.Build.0 = Release|Any CPU
	EndGlobalSection
	GlobalSection(SolutionProperties) = preSolution
		HideSolutionNode = FALSE
	EndGlobalSection
	GlobalSection(ExtensibilityGlobals) = postSolution
		SolutionGuid = {3D33F3BE-0187-4C1D-9754-3CABFA015269}
	EndGlobalSection
EndGlobal
